
Microsoft Visual Studio Solution File, Format Version 12.00
# Visual Studio 2013
VisualStudioVersion = 12.0.31101.0
MinimumVisualStudioVersion = 10.0.40219.1
Project("{FAE04EC0-301F-11D3-BF4B-00C04F79EFBC}") = "TimeZones", "TimeZones\TimeZones.csproj", "{EC7AEA57-C9FF-45FE-BF35-5C623F81A1C5}"
EndProject
Project("{FAE04EC0-301F-11D3-BF4B-00C04F79EFBC}") = "TimesZonesTest", "TimesZonesTest\TimesZonesTest.csproj", "{047C182C-6FCC-405E-A71F-D2A9AE0D0E5B}"
EndProject
Global
	GlobalSection(SolutionConfigurationPlatforms) = preSolution
		Debug|Any CPU = Debug|Any CPU
		Release|Any CPU = Release|Any CPU
	EndGlobalSection
	GlobalSection(ProjectConfigurationPlatforms) = postSolution
		{EC7AEA57-C9FF-45FE-BF35-5C623F81A1C5}.Debug|Any CPU.ActiveCfg = Debug|Any CPU
		{EC7AEA57-C9FF-45FE-BF35-5C623F81A1C5}.Debug|Any CPU.Build.0 = Debug|Any CPU
		{EC7AEA57-C9FF-45FE-BF35-5C623F81A1C5}.Release|Any CPU.ActiveCfg = Release|Any CPU
		{EC7AEA57-C9FF-45FE-BF35-5C623F81A1C5}.Release|Any CPU.Build.0 = Release|Any CPU
		{047C182C-6FCC-405E-A71F-D2A9AE0D0E5B}.Debug|Any CPU.ActiveCfg = Debug|Any CPU
		{047C182C-6FCC-405E-A71F-D2A9AE0D0E5B}.Debug|Any CPU.Build.0 = Debug|Any CPU
		{047C182C-6FCC-405E-A71F-D2A9AE0D0E5B}.Release|Any CPU.ActiveCfg = Release|Any CPU
		{047C182C-6FCC-405E-A71F-D2A9AE0D0E5B}.Release|Any CPU.Build.0 = Release|Any CPU
	EndGlobalSection
	GlobalSection(SolutionProperties) = preSolution
		HideSolutionNode = FALSE
	EndGlobalSection
EndGlobal
